
Microsoft Visual Studio Solution File, Format Version 10.00
# Visual Studio 2008
Project("{FAE04EC0-301F-11D3-BF4B-00C04F79EFBC}") = "KIPS_WMS", "KIPS_WMS\KIPS_WMS.csproj", "{7EF17339-3A65-401F-89DE-63C7D80897B0}"
EndProject
Project("{B900F1C2-3D47-4FEC-85B3-04AAF18C3634}") = "KIPS_WMS_CAB", "KIPS_WMS_CAB\KIPS_WMS_CAB.vddproj", "{08C47022-E813-44EC-807B-9E30DA38934C}"
EndProject
Global
	GlobalSection(SolutionConfigurationPlatforms) = preSolution
		Debug|Any CPU = Debug|Any CPU
		Release|Any CPU = Release|Any CPU
	EndGlobalSection
	GlobalSection(ProjectConfigurationPlatforms) = postSolution
		{7EF17339-3A65-401F-89DE-63C7D80897B0}.Debug|Any CPU.ActiveCfg = Debug|Any CPU
		{7EF17339-3A65-401F-89DE-63C7D80897B0}.Debug|Any CPU.Build.0 = Debug|Any CPU
		{7EF17339-3A65-401F-89DE-63C7D80897B0}.Debug|Any CPU.Deploy.0 = Debug|Any CPU
		{7EF17339-3A65-401F-89DE-63C7D80897B0}.Release|Any CPU.ActiveCfg = Release|Any CPU
		{7EF17339-3A65-401F-89DE-63C7D80897B0}.Release|Any CPU.Build.0 = Release|Any CPU
		{7EF17339-3A65-401F-89DE-63C7D80897B0}.Release|Any CPU.Deploy.0 = Release|Any CPU
		{08C47022-E813-44EC-807B-9E30DA38934C}.Debug|Any CPU.ActiveCfg = Debug
		{08C47022-E813-44EC-807B-9E30DA38934C}.Release|Any CPU.ActiveCfg = Release
	EndGlobalSection
	GlobalSection(SolutionProperties) = preSolution
		HideSolutionNode = FALSE
	EndGlobalSection
EndGlobal
